
Microsoft Visual Studio Solution File, Format Version 12.00
# Visual Studio Version 17
VisualStudioVersion = 17.6.33723.286
MinimumVisualStudioVersion = 10.0.40219.1
Project("{9A19103F-16F7-4668-BE54-9A1E7A4F7556}") = "FuelMachine", "FuelMachine\FuelMachine.csproj", "{BEE9F208-D177-47C1-8260-F72FE0838AD5}"
EndProject
Global
	GlobalSection(SolutionConfigurationPlatforms) = preSolution
		Debug|Any CPU = Debug|Any CPU
		Release|Any CPU = Release|Any CPU
	EndGlobalSection
	GlobalSection(ProjectConfigurationPlatforms) = postSolution
		{BEE9F208-D177-47C1-8260-F72FE0838AD5}.Debug|Any CPU.ActiveCfg = Debug|Any CPU
		{BEE9F208-D177-47C1-8260-F72FE0838AD5}.Debug|Any CPU.Build.0 = Debug|Any CPU
		{BEE9F208-D177-47C1-8260-F72FE0838AD5}.Release|Any CPU.ActiveCfg = Release|Any CPU
		{BEE9F208-D177-47C1-8260-F72FE0838AD5}.Release|Any CPU.Build.0 = Release|Any CPU
	EndGlobalSection
	GlobalSection(SolutionProperties) = preSolution
		HideSolutionNode = FALSE
	EndGlobalSection
	GlobalSection(ExtensibilityGlobals) = postSolution
		SolutionGuid = {51580899-CC79-44A0-9F46-EE4F548859F4}
	EndGlobalSection
EndGlobal
